// !$*UTF8*$!
{
	archiveVersion = 1;
	classes = {
	};
	objectVersion = 50;
	objects = {

/* Begin PBXBuildFile section */
		4B3BA30D25712334008940B8 /* String+Extension.swift in Sources */ = {isa = PBXBuildFile; fileRef = 4B3BA30A25712333008940B8 /* String+Extension.swift */; };
		4B3BA30E25712334008940B8 /* Date+Extention.swift in Sources */ = {isa = PBXBuildFile; fileRef = 4B3BA30B25712334008940B8 /* Date+Extention.swift */; };
		4B3BA30F25712334008940B8 /* Dictionary+Extension.swift in Sources */ = {isa = PBXBuildFile; fileRef = 4B3BA30C25712334008940B8 /* Dictionary+Extension.swift */; };
		4B3BA318257123B1008940B8 /* AnimateloadingView.swift in Sources */ = {isa = PBXBuildFile; fileRef = 4B3BA314257123B0008940B8 /* AnimateloadingView.swift */; };
		4B3BA319257123B1008940B8 /* loadingView.swift in Sources */ = {isa = PBXBuildFile; fileRef = 4B3BA315257123B0008940B8 /* loadingView.swift */; };
		4B3BA31A257123B1008940B8 /* LoadingViewable.swift in Sources */ = {isa = PBXBuildFile; fileRef = 4B3BA316257123B1008940B8 /* LoadingViewable.swift */; };
		4B3BA31B257123B1008940B8 /* LoadingView.xib in Resources */ = {isa = PBXBuildFile; fileRef = 4B3BA317257123B1008940B8 /* LoadingView.xib */; };
		4B3BA320257123B8008940B8 /* PreintHelper.swift in Sources */ = {isa = PBXBuildFile; fileRef = 4B3BA31F257123B8008940B8 /* PreintHelper.swift */; };
		4B3BA3292571248B008940B8 /* BaseView.swift in Sources */ = {isa = PBXBuildFile; fileRef = 4B3BA3282571248B008940B8 /* BaseView.swift */; };
		4B3BA332257137E4008940B8 /* UIColor+Extension.swift in Sources */ = {isa = PBXBuildFile; fileRef = 4B3BA331257137E4008940B8 /* UIColor+Extension.swift */; };
		4B58735C25710A11001101DA /* AppDelegate.swift in Sources */ = {isa = PBXBuildFile; fileRef = 4B58735B25710A11001101DA /* AppDelegate.swift */; };
		4B58736525710A15001101DA /* Assets.xcassets in Resources */ = {isa = PBXBuildFile; fileRef = 4B58736425710A15001101DA /* Assets.xcassets */; };
		4B58736825710A15001101DA /* LaunchScreen.storyboard in Resources */ = {isa = PBXBuildFile; fileRef = 4B58736625710A15001101DA /* LaunchScreen.storyboard */; };
		4B58737325710A15001101DA /* WainNakelTests.swift in Sources */ = {isa = PBXBuildFile; fileRef = 4B58737225710A15001101DA /* WainNakelTests.swift */; };
		4B58737E25710A15001101DA /* WainNakelUITests.swift in Sources */ = {isa = PBXBuildFile; fileRef = 4B58737D25710A15001101DA /* WainNakelUITests.swift */; };
		4B5873A225710AAF001101DA /* NetworkService.swift in Sources */ = {isa = PBXBuildFile; fileRef = 4B58739A25710AAE001101DA /* NetworkService.swift */; };
		4B5873A325710AAF001101DA /* MyApi.swift in Sources */ = {isa = PBXBuildFile; fileRef = 4B58739B25710AAE001101DA /* MyApi.swift */; };
		4B5873A425710AAF001101DA /* Environment.swift in Sources */ = {isa = PBXBuildFile; fileRef = 4B58739C25710AAF001101DA /* Environment.swift */; };
		4B5873A525710AAF001101DA /* Endpoint.swift in Sources */ = {isa = PBXBuildFile; fileRef = 4B58739D25710AAF001101DA /* Endpoint.swift */; };
		4B5873A625710AAF001101DA /* HTTPMethod.swift in Sources */ = {isa = PBXBuildFile; fileRef = 4B58739E25710AAF001101DA /* HTTPMethod.swift */; };
		4B5873A725710AAF001101DA /* MyEndpoint.swift in Sources */ = {isa = PBXBuildFile; fileRef = 4B58739F25710AAF001101DA /* MyEndpoint.swift */; };
		4B5873A825710AAF001101DA /* ResponseStatus.swift in Sources */ = {isa = PBXBuildFile; fileRef = 4B5873A025710AAF001101DA /* ResponseStatus.swift */; };
		4B5873A925710AAF001101DA /* Apis.swift in Sources */ = {isa = PBXBuildFile; fileRef = 4B5873A125710AAF001101DA /* Apis.swift */; };
		4B5873B125710AC7001101DA /* Model+Quote.swift in Sources */ = {isa = PBXBuildFile; fileRef = 4B5873AD25710AC6001101DA /* Model+Quote.swift */; };
		4B5873B225710AC7001101DA /* Model+None.swift in Sources */ = {isa = PBXBuildFile; fileRef = 4B5873AE25710AC7001101DA /* Model+None.swift */; };
		4B5873B325710AC7001101DA /* Model+MutlyError.swift in Sources */ = {isa = PBXBuildFile; fileRef = 4B5873AF25710AC7001101DA /* Model+MutlyError.swift */; };
		4B5873B425710AC7001101DA /* Model+Error.swift in Sources */ = {isa = PBXBuildFile; fileRef = 4B5873B025710AC7001101DA /* Model+Error.swift */; };
		4B5873BA25710AD0001101DA /* Router.swift in Sources */ = {isa = PBXBuildFile; fileRef = 4B5873B825710AD0001101DA /* Router.swift */; };
		4B5873BB25710AD0001101DA /* Router+Restaurant.swift in Sources */ = {isa = PBXBuildFile; fileRef = 4B5873B925710AD0001101DA /* Router+Restaurant.swift */; };
		4B5873C225710B05001101DA /* MapView.swift in Sources */ = {isa = PBXBuildFile; fileRef = 4B5873C025710B05001101DA /* MapView.swift */; };
		4B5873C325710B05001101DA /* MapView.xib in Resources */ = {isa = PBXBuildFile; fileRef = 4B5873C125710B05001101DA /* MapView.xib */; };
		4BE48578257425AC000326BF /* ImagesView.swift in Sources */ = {isa = PBXBuildFile; fileRef = 4BE48576257425AC000326BF /* ImagesView.swift */; };
		4BE48579257425AC000326BF /* ImagesView.xib in Resources */ = {isa = PBXBuildFile; fileRef = 4BE48577257425AC000326BF /* ImagesView.xib */; };
		4BE48580257427BD000326BF /* interactor.swift in Sources */ = {isa = PBXBuildFile; fileRef = 4BE4857E257427BD000326BF /* interactor.swift */; };
		4BE48581257427BD000326BF /* DissmissAnimator.swift in Sources */ = {isa = PBXBuildFile; fileRef = 4BE4857F257427BD000326BF /* DissmissAnimator.swift */; };
		4BE485882574281D000326BF /* ZoomingImageCell.swift in Sources */ = {isa = PBXBuildFile; fileRef = 4BE485862574281D000326BF /* ZoomingImageCell.swift */; };
		4BE485892574281D000326BF /* ZoomingImageCell.xib in Resources */ = {isa = PBXBuildFile; fileRef = 4BE485872574281D000326BF /* ZoomingImageCell.xib */; };
		4BE4859125744622000326BF /* UIView+Extension.swift in Sources */ = {isa = PBXBuildFile; fileRef = 4BE4859025744622000326BF /* UIView+Extension.swift */; };
		4BE48596257446B6000326BF /* UIImageView+Extesnion.swift in Sources */ = {isa = PBXBuildFile; fileRef = 4BE48595257446B6000326BF /* UIImageView+Extesnion.swift */; };
		4BE4859C2575568F000326BF /* MapViewModel.swift in Sources */ = {isa = PBXBuildFile; fileRef = 4BE4859B2575568F000326BF /* MapViewModel.swift */; };
		4BE485A1257560EC000326BF /* BaseViewModel.swift in Sources */ = {isa = PBXBuildFile; fileRef = 4BE485A0257560EC000326BF /* BaseViewModel.swift */; };
		4BE485A6257560F7000326BF /* BaseViewProtocol.swift in Sources */ = {isa = PBXBuildFile; fileRef = 4BE485A5257560F7000326BF /* BaseViewProtocol.swift */; };
		4BE485AE257563B4000326BF /* ImagesViewModel.swift in Sources */ = {isa = PBXBuildFile; fileRef = 4BE485AD257563B4000326BF /* ImagesViewModel.swift */; };
		4BE485B525759DB9000326BF /* SuggestingView.swift in Sources */ = {isa = PBXBuildFile; fileRef = 4BE485B325759DB9000326BF /* SuggestingView.swift */; };
		4BE485B625759DB9000326BF /* SuggestingView.xib in Resources */ = {isa = PBXBuildFile; fileRef = 4BE485B425759DB9000326BF /* SuggestingView.xib */; };
/* End PBXBuildFile section */

/* Begin PBXContainerItemProxy section */
		4B58736F25710A15001101DA /* PBXContainerItemProxy */ = {
			isa = PBXContainerItemProxy;
			containerPortal = 4B58735025710A11001101DA /* Project object */;
			proxyType = 1;
			remoteGlobalIDString = 4B58735725710A11001101DA;
			remoteInfo = WainNakel;
		};
		4B58737A25710A15001101DA /* PBXContainerItemProxy */ = {
			isa = PBXContainerItemProxy;
			containerPortal = 4B58735025710A11001101DA /* Project object */;
			proxyType = 1;
			remoteGlobalIDString = 4B58735725710A11001101DA;
			remoteInfo = WainNakel;
		};
/* End PBXContainerItemProxy section */

/* Begin PBXFileReference section */
		4B3BA30A25712333008940B8 /* String+Extension.swift */ = {isa = PBXFileReference; fileEncoding = 4; lastKnownFileType = sourcecode.swift; path = "String+Extension.swift"; sourceTree = "<group>"; };
		4B3BA30B25712334008940B8 /* Date+Extention.swift */ = {isa = PBXFileReference; fileEncoding = 4; lastKnownFileType = sourcecode.swift; path = "Date+Extention.swift"; sourceTree = "<group>"; };
		4B3BA30C25712334008940B8 /* Dictionary+Extension.swift */ = {isa = PBXFileReference; fileEncoding = 4; lastKnownFileType = sourcecode.swift; path = "Dictionary+Extension.swift"; sourceTree = "<group>"; };
		4B3BA314257123B0008940B8 /* AnimateloadingView.swift */ = {isa = PBXFileReference; fileEncoding = 4; lastKnownFileType = sourcecode.swift; path = AnimateloadingView.swift; sourceTree = "<group>"; };
		4B3BA315257123B0008940B8 /* loadingView.swift */ = {isa = PBXFileReference; fileEncoding = 4; lastKnownFileType = sourcecode.swift; path = loadingView.swift; sourceTree = "<group>"; };
		4B3BA316257123B1008940B8 /* LoadingViewable.swift */ = {isa = PBXFileReference; fileEncoding = 4; lastKnownFileType = sourcecode.swift; path = LoadingViewable.swift; sourceTree = "<group>"; };
		4B3BA317257123B1008940B8 /* LoadingView.xib */ = {isa = PBXFileReference; fileEncoding = 4; lastKnownFileType = file.xib; path = LoadingView.xib; sourceTree = "<group>"; };
		4B3BA31F257123B8008940B8 /* PreintHelper.swift */ = {isa = PBXFileReference; fileEncoding = 4; lastKnownFileType = sourcecode.swift; path = PreintHelper.swift; sourceTree = "<group>"; };
		4B3BA3282571248B008940B8 /* BaseView.swift */ = {isa = PBXFileReference; lastKnownFileType = sourcecode.swift; path = BaseView.swift; sourceTree = "<group>"; };
		4B3BA331257137E4008940B8 /* UIColor+Extension.swift */ = {isa = PBXFileReference; lastKnownFileType = sourcecode.swift; path = "UIColor+Extension.swift"; sourceTree = "<group>"; };
		4B58735825710A11001101DA /* WainNakel.app */ = {isa = PBXFileReference; explicitFileType = wrapper.application; includeInIndex = 0; path = WainNakel.app; sourceTree = BUILT_PRODUCTS_DIR; };
		4B58735B25710A11001101DA /* AppDelegate.swift */ = {isa = PBXFileReference; lastKnownFileType = sourcecode.swift; path = AppDelegate.swift; sourceTree = "<group>"; };
		4B58736425710A15001101DA /* Assets.xcassets */ = {isa = PBXFileReference; lastKnownFileType = folder.assetcatalog; path = Assets.xcassets; sourceTree = "<group>"; };
		4B58736725710A15001101DA /* Base */ = {isa = PBXFileReference; lastKnownFileType = file.storyboard; name = Base; path = Base.lproj/LaunchScreen.storyboard; sourceTree = "<group>"; };
		4B58736925710A15001101DA /* Info.plist */ = {isa = PBXFileReference; lastKnownFileType = text.plist.xml; path = Info.plist; sourceTree = "<group>"; };
		4B58736E25710A15001101DA /* WainNakelTests.xctest */ = {isa = PBXFileReference; explicitFileType = wrapper.cfbundle; includeInIndex = 0; path = WainNakelTests.xctest; sourceTree = BUILT_PRODUCTS_DIR; };
		4B58737225710A15001101DA /* WainNakelTests.swift */ = {isa = PBXFileReference; lastKnownFileType = sourcecode.swift; path = WainNakelTests.swift; sourceTree = "<group>"; };
		4B58737425710A15001101DA /* Info.plist */ = {isa = PBXFileReference; lastKnownFileType = text.plist.xml; path = Info.plist; sourceTree = "<group>"; };
		4B58737925710A15001101DA /* WainNakelUITests.xctest */ = {isa = PBXFileReference; explicitFileType = wrapper.cfbundle; includeInIndex = 0; path = WainNakelUITests.xctest; sourceTree = BUILT_PRODUCTS_DIR; };
		4B58737D25710A15001101DA /* WainNakelUITests.swift */ = {isa = PBXFileReference; lastKnownFileType = sourcecode.swift; path = WainNakelUITests.swift; sourceTree = "<group>"; };
		4B58737F25710A15001101DA /* Info.plist */ = {isa = PBXFileReference; lastKnownFileType = text.plist.xml; path = Info.plist; sourceTree = "<group>"; };
		4B58739A25710AAE001101DA /* NetworkService.swift */ = {isa = PBXFileReference; fileEncoding = 4; lastKnownFileType = sourcecode.swift; path = NetworkService.swift; sourceTree = "<group>"; };
		4B58739B25710AAE001101DA /* MyApi.swift */ = {isa = PBXFileReference; fileEncoding = 4; lastKnownFileType = sourcecode.swift; path = MyApi.swift; sourceTree = "<group>"; };
		4B58739C25710AAF001101DA /* Environment.swift */ = {isa = PBXFileReference; fileEncoding = 4; lastKnownFileType = sourcecode.swift; path = Environment.swift; sourceTree = "<group>"; };
		4B58739D25710AAF001101DA /* Endpoint.swift */ = {isa = PBXFileReference; fileEncoding = 4; lastKnownFileType = sourcecode.swift; path = Endpoint.swift; sourceTree = "<group>"; };
		4B58739E25710AAF001101DA /* HTTPMethod.swift */ = {isa = PBXFileReference; fileEncoding = 4; lastKnownFileType = sourcecode.swift; path = HTTPMethod.swift; sourceTree = "<group>"; };
		4B58739F25710AAF001101DA /* MyEndpoint.swift */ = {isa = PBXFileReference; fileEncoding = 4; lastKnownFileType = sourcecode.swift; path = MyEndpoint.swift; sourceTree = "<group>"; };
		4B5873A025710AAF001101DA /* ResponseStatus.swift */ = {isa = PBXFileReference; fileEncoding = 4; lastKnownFileType = sourcecode.swift; path = ResponseStatus.swift; sourceTree = "<group>"; };
		4B5873A125710AAF001101DA /* Apis.swift */ = {isa = PBXFileReference; fileEncoding = 4; lastKnownFileType = sourcecode.swift; path = Apis.swift; sourceTree = "<group>"; };
		4B5873AD25710AC6001101DA /* Model+Quote.swift */ = {isa = PBXFileReference; fileEncoding = 4; lastKnownFileType = sourcecode.swift; path = "Model+Quote.swift"; sourceTree = "<group>"; };
		4B5873AE25710AC7001101DA /* Model+None.swift */ = {isa = PBXFileReference; fileEncoding = 4; lastKnownFileType = sourcecode.swift; path = "Model+None.swift"; sourceTree = "<group>"; };
		4B5873AF25710AC7001101DA /* Model+MutlyError.swift */ = {isa = PBXFileReference; fileEncoding = 4; lastKnownFileType = sourcecode.swift; path = "Model+MutlyError.swift"; sourceTree = "<group>"; };
		4B5873B025710AC7001101DA /* Model+Error.swift */ = {isa = PBXFileReference; fileEncoding = 4; lastKnownFileType = sourcecode.swift; path = "Model+Error.swift"; sourceTree = "<group>"; };
		4B5873B825710AD0001101DA /* Router.swift */ = {isa = PBXFileReference; fileEncoding = 4; lastKnownFileType = sourcecode.swift; path = Router.swift; sourceTree = "<group>"; };
		4B5873B925710AD0001101DA /* Router+Restaurant.swift */ = {isa = PBXFileReference; fileEncoding = 4; lastKnownFileType = sourcecode.swift; path = "Router+Restaurant.swift"; sourceTree = "<group>"; };
		4B5873C025710B05001101DA /* MapView.swift */ = {isa = PBXFileReference; lastKnownFileType = sourcecode.swift; path = MapView.swift; sourceTree = "<group>"; };
		4B5873C125710B05001101DA /* MapView.xib */ = {isa = PBXFileReference; lastKnownFileType = file.xib; path = MapView.xib; sourceTree = "<group>"; };
		4BE48576257425AC000326BF /* ImagesView.swift */ = {isa = PBXFileReference; lastKnownFileType = sourcecode.swift; path = ImagesView.swift; sourceTree = "<group>"; };
		4BE48577257425AC000326BF /* ImagesView.xib */ = {isa = PBXFileReference; lastKnownFileType = file.xib; path = ImagesView.xib; sourceTree = "<group>"; };
		4BE4857E257427BD000326BF /* interactor.swift */ = {isa = PBXFileReference; fileEncoding = 4; lastKnownFileType = sourcecode.swift; path = interactor.swift; sourceTree = "<group>"; };
		4BE4857F257427BD000326BF /* DissmissAnimator.swift */ = {isa = PBXFileReference; fileEncoding = 4; lastKnownFileType = sourcecode.swift; path = DissmissAnimator.swift; sourceTree = "<group>"; };
		4BE485862574281D000326BF /* ZoomingImageCell.swift */ = {isa = PBXFileReference; lastKnownFileType = sourcecode.swift; path = ZoomingImageCell.swift; sourceTree = "<group>"; };
		4BE485872574281D000326BF /* ZoomingImageCell.xib */ = {isa = PBXFileReference; lastKnownFileType = file.xib; path = ZoomingImageCell.xib; sourceTree = "<group>"; };
		4BE4859025744622000326BF /* UIView+Extension.swift */ = {isa = PBXFileReference; lastKnownFileType = sourcecode.swift; path = "UIView+Extension.swift"; sourceTree = "<group>"; };
		4BE48595257446B6000326BF /* UIImageView+Extesnion.swift */ = {isa = PBXFileReference; lastKnownFileType = sourcecode.swift; path = "UIImageView+Extesnion.swift"; sourceTree = "<group>"; };
		4BE4859B2575568F000326BF /* MapViewModel.swift */ = {isa = PBXFileReference; lastKnownFileType = sourcecode.swift; path = MapViewModel.swift; sourceTree = "<group>"; };
		4BE485A0257560EC000326BF /* BaseViewModel.swift */ = {isa = PBXFileReference; lastKnownFileType = sourcecode.swift; path = BaseViewModel.swift; sourceTree = "<group>"; };
		4BE485A5257560F7000326BF /* BaseViewProtocol.swift */ = {isa = PBXFileReference; lastKnownFileType = sourcecode.swift; path = BaseViewProtocol.swift; sourceTree = "<group>"; };
		4BE485AD257563B4000326BF /* ImagesViewModel.swift */ = {isa = PBXFileReference; lastKnownFileType = sourcecode.swift; path = ImagesViewModel.swift; sourceTree = "<group>"; };
		4BE485B325759DB9000326BF /* SuggestingView.swift */ = {isa = PBXFileReference; lastKnownFileType = sourcecode.swift; path = SuggestingView.swift; sourceTree = "<group>"; };
		4BE485B425759DB9000326BF /* SuggestingView.xib */ = {isa = PBXFileReference; lastKnownFileType = file.xib; path = SuggestingView.xib; sourceTree = "<group>"; };
/* End PBXFileReference section */

/* Begin PBXFrameworksBuildPhase section */
		4B58735525710A11001101DA /* Frameworks */ = {
			isa = PBXFrameworksBuildPhase;
			buildActionMask = 2147483647;
			files = (
			);
			runOnlyForDeploymentPostprocessing = 0;
		};
		4B58736B25710A15001101DA /* Frameworks */ = {
			isa = PBXFrameworksBuildPhase;
			buildActionMask = 2147483647;
			files = (
			);
			runOnlyForDeploymentPostprocessing = 0;
		};
		4B58737625710A15001101DA /* Frameworks */ = {
			isa = PBXFrameworksBuildPhase;
			buildActionMask = 2147483647;
			files = (
			);
			runOnlyForDeploymentPostprocessing = 0;
		};
/* End PBXFrameworksBuildPhase section */

/* Begin PBXGroup section */
		4B3BA305257122F4008940B8 /* Extenstions */ = {
			isa = PBXGroup;
			children = (
				4B3BA330257137C3008940B8 /* UIKit */,
				4B3BA30925712326008940B8 /* Foundation */,
			);
			path = Extenstions;
			sourceTree = "<group>";
		};
		4B3BA30625712301008940B8 /* Helpers */ = {
			isa = PBXGroup;
			children = (
				4BE4857F257427BD000326BF /* DissmissAnimator.swift */,
				4BE4857E257427BD000326BF /* interactor.swift */,
				4B3BA31F257123B8008940B8 /* PreintHelper.swift */,
				4B3BA313257123A3008940B8 /* LoadingView */,
			);
			path = Helpers;
			sourceTree = "<group>";
		};
		4B3BA3072571230A008940B8 /* SupportingFiles */ = {
			isa = PBXGroup;
			children = (
				4B58736925710A15001101DA /* Info.plist */,
				4B58735B25710A11001101DA /* AppDelegate.swift */,
				4B58736425710A15001101DA /* Assets.xcassets */,
			);
			path = SupportingFiles;
			sourceTree = "<group>";
		};
		4B3BA30825712315008940B8 /* LuanchScreen */ = {
			isa = PBXGroup;
			children = (
				4B58736625710A15001101DA /* LaunchScreen.storyboard */,
			);
			path = LuanchScreen;
			sourceTree = "<group>";
		};
		4B3BA30925712326008940B8 /* Foundation */ = {
			isa = PBXGroup;
			children = (
				4B3BA30B25712334008940B8 /* Date+Extention.swift */,
				4B3BA30C25712334008940B8 /* Dictionary+Extension.swift */,
				4B3BA30A25712333008940B8 /* String+Extension.swift */,
			);
			path = Foundation;
			sourceTree = "<group>";
		};
		4B3BA313257123A3008940B8 /* LoadingView */ = {
			isa = PBXGroup;
			children = (
				4B3BA314257123B0008940B8 /* AnimateloadingView.swift */,
				4B3BA315257123B0008940B8 /* loadingView.swift */,
				4B3BA317257123B1008940B8 /* LoadingView.xib */,
				4B3BA316257123B1008940B8 /* LoadingViewable.swift */,
			);
			path = LoadingView;
			sourceTree = "<group>";
		};
		4B3BA32725712479008940B8 /* Base */ = {
			isa = PBXGroup;
			children = (
				4B3BA3282571248B008940B8 /* BaseView.swift */,
				4BE485A0257560EC000326BF /* BaseViewModel.swift */,
				4BE485A5257560F7000326BF /* BaseViewProtocol.swift */,
			);
			path = Base;
			sourceTree = "<group>";
		};
		4B3BA330257137C3008940B8 /* UIKit */ = {
			isa = PBXGroup;
			children = (
				4B3BA331257137E4008940B8 /* UIColor+Extension.swift */,
				4BE4859025744622000326BF /* UIView+Extension.swift */,
				4BE48595257446B6000326BF /* UIImageView+Extesnion.swift */,
			);
			path = UIKit;
			sourceTree = "<group>";
		};
		4B58734F25710A11001101DA = {
			isa = PBXGroup;
			children = (
				4B58735A25710A11001101DA /* WainNakel */,
				4B58737125710A15001101DA /* WainNakelTests */,
				4B58737C25710A15001101DA /* WainNakelUITests */,
				4B58735925710A11001101DA /* Products */,
			);
			sourceTree = "<group>";
		};
		4B58735925710A11001101DA /* Products */ = {
			isa = PBXGroup;
			children = (
				4B58735825710A11001101DA /* WainNakel.app */,
				4B58736E25710A15001101DA /* WainNakelTests.xctest */,
				4B58737925710A15001101DA /* WainNakelUITests.xctest */,
			);
			name = Products;
			sourceTree = "<group>";
		};
		4B58735A25710A11001101DA /* WainNakel */ = {
			isa = PBXGroup;
			children = (
				4B58739625710A68001101DA /* Application */,
				4B58739525710A5E001101DA /* PresenterLayer */,
				4B58739425710A56001101DA /* DataLayer */,
			);
			path = WainNakel;
			sourceTree = "<group>";
		};
		4B58737125710A15001101DA /* WainNakelTests */ = {
			isa = PBXGroup;
			children = (
				4B58737225710A15001101DA /* WainNakelTests.swift */,
				4B58737425710A15001101DA /* Info.plist */,
			);
			path = WainNakelTests;
			sourceTree = "<group>";
		};
		4B58737C25710A15001101DA /* WainNakelUITests */ = {
			isa = PBXGroup;
			children = (
				4B58737D25710A15001101DA /* WainNakelUITests.swift */,
				4B58737F25710A15001101DA /* Info.plist */,
			);
			path = WainNakelUITests;
			sourceTree = "<group>";
		};
		4B58739425710A56001101DA /* DataLayer */ = {
			isa = PBXGroup;
			children = (
				4B58739925710A86001101DA /* Router */,
				4B58739825710A81001101DA /* Model */,
				4B58739725710A77001101DA /* Netowrk */,
			);
			path = DataLayer;
			sourceTree = "<group>";
		};
		4B58739525710A5E001101DA /* PresenterLayer */ = {
			isa = PBXGroup;
			children = (
				4BE485B225759D86000326BF /* SugestView */,
				4B3BA32725712479008940B8 /* Base */,
				4B5873BF25710AE4001101DA /* MapView */,
			);
			path = PresenterLayer;
			sourceTree = "<group>";
		};
		4B58739625710A68001101DA /* Application */ = {
			isa = PBXGroup;
			children = (
				4B3BA30825712315008940B8 /* LuanchScreen */,
				4B3BA3072571230A008940B8 /* SupportingFiles */,
				4B3BA30625712301008940B8 /* Helpers */,
				4B3BA305257122F4008940B8 /* Extenstions */,
			);
			path = Application;
			sourceTree = "<group>";
		};
		4B58739725710A77001101DA /* Netowrk */ = {
			isa = PBXGroup;
			children = (
				4B58739B25710AAE001101DA /* MyApi.swift */,
				4B58739D25710AAF001101DA /* Endpoint.swift */,
				4B58739C25710AAF001101DA /* Environment.swift */,
				4B58739E25710AAF001101DA /* HTTPMethod.swift */,
				4B58739F25710AAF001101DA /* MyEndpoint.swift */,
				4B58739A25710AAE001101DA /* NetworkService.swift */,
				4B5873A025710AAF001101DA /* ResponseStatus.swift */,
				4B5873A125710AAF001101DA /* Apis.swift */,
			);
			path = Netowrk;
			sourceTree = "<group>";
		};
		4B58739825710A81001101DA /* Model */ = {
			isa = PBXGroup;
			children = (
				4B5873B025710AC7001101DA /* Model+Error.swift */,
				4B5873AF25710AC7001101DA /* Model+MutlyError.swift */,
				4B5873AE25710AC7001101DA /* Model+None.swift */,
				4B5873AD25710AC6001101DA /* Model+Quote.swift */,
			);
			path = Model;
			sourceTree = "<group>";
		};
		4B58739925710A86001101DA /* Router */ = {
			isa = PBXGroup;
			children = (
				4B5873B825710AD0001101DA /* Router.swift */,
				4B5873B925710AD0001101DA /* Router+Restaurant.swift */,
			);
			path = Router;
			sourceTree = "<group>";
		};
		4B5873BF25710AE4001101DA /* MapView */ = {
			isa = PBXGroup;
			children = (
				4BE4857525742587000326BF /* ImagesView */,
				4B5873C025710B05001101DA /* MapView.swift */,
				4B5873C125710B05001101DA /* MapView.xib */,
				4BE4859B2575568F000326BF /* MapViewModel.swift */,
			);
			path = MapView;
			sourceTree = "<group>";
		};
		4BE4857525742587000326BF /* ImagesView */ = {
			isa = PBXGroup;
			children = (
				4BE48585257427FA000326BF /* cell */,
				4BE48576257425AC000326BF /* ImagesView.swift */,
				4BE48577257425AC000326BF /* ImagesView.xib */,
				4BE485AD257563B4000326BF /* ImagesViewModel.swift */,
			);
			path = ImagesView;
			sourceTree = "<group>";
		};
		4BE48585257427FA000326BF /* cell */ = {
			isa = PBXGroup;
			children = (
				4BE485862574281D000326BF /* ZoomingImageCell.swift */,
				4BE485872574281D000326BF /* ZoomingImageCell.xib */,
			);
			path = cell;
			sourceTree = "<group>";
		};
		4BE485B225759D86000326BF /* SugestView */ = {
			isa = PBXGroup;
			children = (
				4BE485B325759DB9000326BF /* SuggestingView.swift */,
				4BE485B425759DB9000326BF /* SuggestingView.xib */,
			);
			path = SugestView;
			sourceTree = "<group>";
		};
/* End PBXGroup section */

/* Begin PBXNativeTarget section */
		4B58735725710A11001101DA /* WainNakel */ = {
			isa = PBXNativeTarget;
			buildConfigurationList = 4B58738225710A15001101DA /* Build configuration list for PBXNativeTarget "WainNakel" */;
			buildPhases = (
				4B58735425710A11001101DA /* Sources */,
				4B58735525710A11001101DA /* Frameworks */,
				4B58735625710A11001101DA /* Resources */,
			);
			buildRules = (
			);
			dependencies = (
			);
			name = WainNakel;
			productName = WainNakel;
			productReference = 4B58735825710A11001101DA /* WainNakel.app */;
			productType = "com.apple.product-type.application";
		};
		4B58736D25710A15001101DA /* WainNakelTests */ = {
			isa = PBXNativeTarget;
			buildConfigurationList = 4B58738525710A15001101DA /* Build configuration list for PBXNativeTarget "WainNakelTests" */;
			buildPhases = (
				4B58736A25710A15001101DA /* Sources */,
				4B58736B25710A15001101DA /* Frameworks */,
				4B58736C25710A15001101DA /* Resources */,
			);
			buildRules = (
			);
			dependencies = (
				4B58737025710A15001101DA /* PBXTargetDependency */,
			);
			name = WainNakelTests;
			productName = WainNakelTests;
			productReference = 4B58736E25710A15001101DA /* WainNakelTests.xctest */;
			productType = "com.apple.product-type.bundle.unit-test";
		};
		4B58737825710A15001101DA /* WainNakelUITests */ = {
			isa = PBXNativeTarget;
			buildConfigurationList = 4B58738825710A15001101DA /* Build configuration list for PBXNativeTarget "WainNakelUITests" */;
			buildPhases = (
				4B58737525710A15001101DA /* Sources */,
				4B58737625710A15001101DA /* Frameworks */,
				4B58737725710A15001101DA /* Resources */,
			);
			buildRules = (
			);
			dependencies = (
				4B58737B25710A15001101DA /* PBXTargetDependency */,
			);
			name = WainNakelUITests;
			productName = WainNakelUITests;
			productReference = 4B58737925710A15001101DA /* WainNakelUITests.xctest */;
			productType = "com.apple.product-type.bundle.ui-testing";
		};
/* End PBXNativeTarget section */

/* Begin PBXProject section */
		4B58735025710A11001101DA /* Project object */ = {
			isa = PBXProject;
			attributes = {
				LastSwiftUpdateCheck = 1220;
				LastUpgradeCheck = 1220;
				TargetAttributes = {
					4B58735725710A11001101DA = {
						CreatedOnToolsVersion = 12.2;
					};
					4B58736D25710A15001101DA = {
						CreatedOnToolsVersion = 12.2;
						TestTargetID = 4B58735725710A11001101DA;
					};
					4B58737825710A15001101DA = {
						CreatedOnToolsVersion = 12.2;
						TestTargetID = 4B58735725710A11001101DA;
					};
				};
			};
			buildConfigurationList = 4B58735325710A11001101DA /* Build configuration list for PBXProject "WainNakel" */;
			compatibilityVersion = "Xcode 9.3";
			developmentRegion = en;
			hasScannedForEncodings = 0;
			knownRegions = (
				en,
				Base,
			);
			mainGroup = 4B58734F25710A11001101DA;
			productRefGroup = 4B58735925710A11001101DA /* Products */;
			projectDirPath = "";
			projectRoot = "";
			targets = (
				4B58735725710A11001101DA /* WainNakel */,
				4B58736D25710A15001101DA /* WainNakelTests */,
				4B58737825710A15001101DA /* WainNakelUITests */,
			);
		};
/* End PBXProject section */

/* Begin PBXResourcesBuildPhase section */
		4B58735625710A11001101DA /* Resources */ = {
			isa = PBXResourcesBuildPhase;
			buildActionMask = 2147483647;
			files = (
				4B5873C325710B05001101DA /* MapView.xib in Resources */,
				4B3BA31B257123B1008940B8 /* LoadingView.xib in Resources */,
				4BE485B625759DB9000326BF /* SuggestingView.xib in Resources */,
				4B58736825710A15001101DA /* LaunchScreen.storyboard in Resources */,
				4BE485892574281D000326BF /* ZoomingImageCell.xib in Resources */,
				4B58736525710A15001101DA /* Assets.xcassets in Resources */,
				4BE48579257425AC000326BF /* ImagesView.xib in Resources */,
			);
			runOnlyForDeploymentPostprocessing = 0;
		};
		4B58736C25710A15001101DA /* Resources */ = {
			isa = PBXResourcesBuildPhase;
			buildActionMask = 2147483647;
			files = (
			);
			runOnlyForDeploymentPostprocessing = 0;
		};
		4B58737725710A15001101DA /* Resources */ = {
			isa = PBXResourcesBuildPhase;
			buildActionMask = 2147483647;
			files = (
			);
			runOnlyForDeploymentPostprocessing = 0;
		};
/* End PBXResourcesBuildPhase section */

/* Begin PBXSourcesBuildPhase section */
		4B58735425710A11001101DA /* Sources */ = {
			isa = PBXSourcesBuildPhase;
			buildActionMask = 2147483647;
			files = (
				4BE485882574281D000326BF /* ZoomingImageCell.swift in Sources */,
				4B3BA319257123B1008940B8 /* loadingView.swift in Sources */,
				4B3BA30F25712334008940B8 /* Dictionary+Extension.swift in Sources */,
				4B5873A325710AAF001101DA /* MyApi.swift in Sources */,
				4BE48596257446B6000326BF /* UIImageView+Extesnion.swift in Sources */,
				4B3BA31A257123B1008940B8 /* LoadingViewable.swift in Sources */,
				4B5873C225710B05001101DA /* MapView.swift in Sources */,
				4B3BA318257123B1008940B8 /* AnimateloadingView.swift in Sources */,
				4B5873A425710AAF001101DA /* Environment.swift in Sources */,
				4B5873B125710AC7001101DA /* Model+Quote.swift in Sources */,
				4B5873A825710AAF001101DA /* ResponseStatus.swift in Sources */,
				4B3BA332257137E4008940B8 /* UIColor+Extension.swift in Sources */,
				4B5873B225710AC7001101DA /* Model+None.swift in Sources */,
				4BE485AE257563B4000326BF /* ImagesViewModel.swift in Sources */,
				4B5873A625710AAF001101DA /* HTTPMethod.swift in Sources */,
				4B5873A925710AAF001101DA /* Apis.swift in Sources */,
				4B3BA30D25712334008940B8 /* String+Extension.swift in Sources */,
				4B5873A725710AAF001101DA /* MyEndpoint.swift in Sources */,
				4B5873B425710AC7001101DA /* Model+Error.swift in Sources */,
				4BE48578257425AC000326BF /* ImagesView.swift in Sources */,
				4BE4859125744622000326BF /* UIView+Extension.swift in Sources */,
				4B3BA3292571248B008940B8 /* BaseView.swift in Sources */,
				4B5873A225710AAF001101DA /* NetworkService.swift in Sources */,
				4BE48581257427BD000326BF /* DissmissAnimator.swift in Sources */,
				4BE485A1257560EC000326BF /* BaseViewModel.swift in Sources */,
				4BE4859C2575568F000326BF /* MapViewModel.swift in Sources */,
				4BE485B525759DB9000326BF /* SuggestingView.swift in Sources */,
				4B5873BA25710AD0001101DA /* Router.swift in Sources */,
				4B58735C25710A11001101DA /* AppDelegate.swift in Sources */,
				4B5873B325710AC7001101DA /* Model+MutlyError.swift in Sources */,
				4B3BA320257123B8008940B8 /* PreintHelper.swift in Sources */,
				4B5873BB25710AD0001101DA /* Router+Restaurant.swift in Sources */,
				4B3BA30E25712334008940B8 /* Date+Extention.swift in Sources */,
				4BE48580257427BD000326BF /* interactor.swift in Sources */,
				4B5873A525710AAF001101DA /* Endpoint.swift in Sources */,
				4BE485A6257560F7000326BF /* BaseViewProtocol.swift in Sources */,
			);
			runOnlyForDeploymentPostprocessing = 0;
		};
		4B58736A25710A15001101DA /* Sources */ = {
			isa = PBXSourcesBuildPhase;
			buildActionMask = 2147483647;
			files = (
				4B58737325710A15001101DA /* WainNakelTests.swift in Sources */,
			);
			runOnlyForDeploymentPostprocessing = 0;
		};
		4B58737525710A15001101DA /* Sources */ = {
			isa = PBXSourcesBuildPhase;
			buildActionMask = 2147483647;
			files = (
				4B58737E25710A15001101DA /* WainNakelUITests.swift in Sources */,
			);
			runOnlyForDeploymentPostprocessing = 0;
		};
/* End PBXSourcesBuildPhase section */

/* Begin PBXTargetDependency section */
		4B58737025710A15001101DA /* PBXTargetDependency */ = {
			isa = PBXTargetDependency;
			target = 4B58735725710A11001101DA /* WainNakel */;
			targetProxy = 4B58736F25710A15001101DA /* PBXContainerItemProxy */;
		};
		4B58737B25710A15001101DA /* PBXTargetDependency */ = {
			isa = PBXTargetDependency;
			target = 4B58735725710A11001101DA /* WainNakel */;
			targetProxy = 4B58737A25710A15001101DA /* PBXContainerItemProxy */;
		};
/* End PBXTargetDependency section */

/* Begin PBXVariantGroup section */
		4B58736625710A15001101DA /* LaunchScreen.storyboard */ = {
			isa = PBXVariantGroup;
			children = (
				4B58736725710A15001101DA /* Base */,
			);
			name = LaunchScreen.storyboard;
			sourceTree = "<group>";
		};
/* End PBXVariantGroup section */

/* Begin XCBuildConfiguration section */
		4B58738025710A15001101DA /* Debug */ = {
			isa = XCBuildConfiguration;
			buildSettings = {
				ALWAYS_SEARCH_USER_PATHS = NO;
				CLANG_ANALYZER_NONNULL = YES;
				CLANG_ANALYZER_NUMBER_OBJECT_CONVERSION = YES_AGGRESSIVE;
				CLANG_CXX_LANGUAGE_STANDARD = "gnu++14";
				CLANG_CXX_LIBRARY = "libc++";
				CLANG_ENABLE_MODULES = YES;
				CLANG_ENABLE_OBJC_ARC = YES;
				CLANG_ENABLE_OBJC_WEAK = YES;
				CLANG_WARN_BLOCK_CAPTURE_AUTORELEASING = YES;
				CLANG_WARN_BOOL_CONVERSION = YES;
				CLANG_WARN_COMMA = YES;
				CLANG_WARN_CONSTANT_CONVERSION = YES;
				CLANG_WARN_DEPRECATED_OBJC_IMPLEMENTATIONS = YES;
				CLANG_WARN_DIRECT_OBJC_ISA_USAGE = YES_ERROR;
				CLANG_WARN_DOCUMENTATION_COMMENTS = YES;
				CLANG_WARN_EMPTY_BODY = YES;
				CLANG_WARN_ENUM_CONVERSION = YES;
				CLANG_WARN_INFINITE_RECURSION = YES;
				CLANG_WARN_INT_CONVERSION = YES;
				CLANG_WARN_NON_LITERAL_NULL_CONVERSION = YES;
				CLANG_WARN_OBJC_IMPLICIT_RETAIN_SELF = YES;
				CLANG_WARN_OBJC_LITERAL_CONVERSION = YES;
				CLANG_WARN_OBJC_ROOT_CLASS = YES_ERROR;
				CLANG_WARN_QUOTED_INCLUDE_IN_FRAMEWORK_HEADER = YES;
				CLANG_WARN_RANGE_LOOP_ANALYSIS = YES;
				CLANG_WARN_STRICT_PROTOTYPES = YES;
				CLANG_WARN_SUSPICIOUS_MOVE = YES;
				CLANG_WARN_UNGUARDED_AVAILABILITY = YES_AGGRESSIVE;
				CLANG_WARN_UNREACHABLE_CODE = YES;
				CLANG_WARN__DUPLICATE_METHOD_MATCH = YES;
				COPY_PHASE_STRIP = NO;
				DEBUG_INFORMATION_FORMAT = dwarf;
				ENABLE_STRICT_OBJC_MSGSEND = YES;
				ENABLE_TESTABILITY = YES;
				GCC_C_LANGUAGE_STANDARD = gnu11;
				GCC_DYNAMIC_NO_PIC = NO;
				GCC_NO_COMMON_BLOCKS = YES;
				GCC_OPTIMIZATION_LEVEL = 0;
				GCC_PREPROCESSOR_DEFINITIONS = (
					"DEBUG=1",
					"$(inherited)",
				);
				GCC_WARN_64_TO_32_BIT_CONVERSION = YES;
				GCC_WARN_ABOUT_RETURN_TYPE = YES_ERROR;
				GCC_WARN_UNDECLARED_SELECTOR = YES;
				GCC_WARN_UNINITIALIZED_AUTOS = YES_AGGRESSIVE;
				GCC_WARN_UNUSED_FUNCTION = YES;
				GCC_WARN_UNUSED_VARIABLE = YES;
				IPHONEOS_DEPLOYMENT_TARGET = 14.2;
				MTL_ENABLE_DEBUG_INFO = INCLUDE_SOURCE;
				MTL_FAST_MATH = YES;
				ONLY_ACTIVE_ARCH = YES;
				SDKROOT = iphoneos;
				SWIFT_ACTIVE_COMPILATION_CONDITIONS = DEBUG;
				SWIFT_OPTIMIZATION_LEVEL = "-Onone";
			};
			name = Debug;
		};
		4B58738125710A15001101DA /* Release */ = {
			isa = XCBuildConfiguration;
			buildSettings = {
				ALWAYS_SEARCH_USER_PATHS = NO;
				CLANG_ANALYZER_NONNULL = YES;
				CLANG_ANALYZER_NUMBER_OBJECT_CONVERSION = YES_AGGRESSIVE;
				CLANG_CXX_LANGUAGE_STANDARD = "gnu++14";
				CLANG_CXX_LIBRARY = "libc++";
				CLANG_ENABLE_MODULES = YES;
				CLANG_ENABLE_OBJC_ARC = YES;
				CLANG_ENABLE_OBJC_WEAK = YES;
				CLANG_WARN_BLOCK_CAPTURE_AUTORELEASING = YES;
				CLANG_WARN_BOOL_CONVERSION = YES;
				CLANG_WARN_COMMA = YES;
				CLANG_WARN_CONSTANT_CONVERSION = YES;
				CLANG_WARN_DEPRECATED_OBJC_IMPLEMENTATIONS = YES;
				CLANG_WARN_DIRECT_OBJC_ISA_USAGE = YES_ERROR;
				CLANG_WARN_DOCUMENTATION_COMMENTS = YES;
				CLANG_WARN_EMPTY_BODY = YES;
				CLANG_WARN_ENUM_CONVERSION = YES;
				CLANG_WARN_INFINITE_RECURSION = YES;
				CLANG_WARN_INT_CONVERSION = YES;
				CLANG_WARN_NON_LITERAL_NULL_CONVERSION = YES;
				CLANG_WARN_OBJC_IMPLICIT_RETAIN_SELF = YES;
				CLANG_WARN_OBJC_LITERAL_CONVERSION = YES;
				CLANG_WARN_OBJC_ROOT_CLASS = YES_ERROR;
				CLANG_WARN_QUOTED_INCLUDE_IN_FRAMEWORK_HEADER = YES;
				CLANG_WARN_RANGE_LOOP_ANALYSIS = YES;
				CLANG_WARN_STRICT_PROTOTYPES = YES;
				CLANG_WARN_SUSPICIOUS_MOVE = YES;
				CLANG_WARN_UNGUARDED_AVAILABILITY = YES_AGGRESSIVE;
				CLANG_WARN_UNREACHABLE_CODE = YES;
				CLANG_WARN__DUPLICATE_METHOD_MATCH = YES;
				COPY_PHASE_STRIP = NO;
				DEBUG_INFORMATION_FORMAT = "dwarf-with-dsym";
				ENABLE_NS_ASSERTIONS = NO;
				ENABLE_STRICT_OBJC_MSGSEND = YES;
				GCC_C_LANGUAGE_STANDARD = gnu11;
				GCC_NO_COMMON_BLOCKS = YES;
				GCC_WARN_64_TO_32_BIT_CONVERSION = YES;
				GCC_WARN_ABOUT_RETURN_TYPE = YES_ERROR;
				GCC_WARN_UNDECLARED_SELECTOR = YES;
				GCC_WARN_UNINITIALIZED_AUTOS = YES_AGGRESSIVE;
				GCC_WARN_UNUSED_FUNCTION = YES;
				GCC_WARN_UNUSED_VARIABLE = YES;
				IPHONEOS_DEPLOYMENT_TARGET = 14.2;
				MTL_ENABLE_DEBUG_INFO = NO;
				MTL_FAST_MATH = YES;
				SDKROOT = iphoneos;
				SWIFT_COMPILATION_MODE = wholemodule;
				SWIFT_OPTIMIZATION_LEVEL = "-O";
				VALIDATE_PRODUCT = YES;
			};
			name = Release;
		};
		4B58738325710A15001101DA /* Debug */ = {
			isa = XCBuildConfiguration;
			buildSettings = {
				ASSETCATALOG_COMPILER_APPICON_NAME = AppIcon;
				ASSETCATALOG_COMPILER_GLOBAL_ACCENT_COLOR_NAME = AccentColor;
				CODE_SIGN_STYLE = Automatic;
				DEVELOPMENT_TEAM = Q9TW888JXC;
				INFOPLIST_FILE = "$(SRCROOT)/WainNakel/Application/SupportingFiles/Info.plist";
				LD_RUNPATH_SEARCH_PATHS = (
					"$(inherited)",
					"@executable_path/Frameworks",
				);
				PRODUCT_BUNDLE_IDENTIFIER = wainnakel.WainNakel;
				PRODUCT_NAME = "$(TARGET_NAME)";
				SWIFT_VERSION = 5.0;
				TARGETED_DEVICE_FAMILY = "1,2";
			};
			name = Debug;
		};
		4B58738425710A15001101DA /* Release */ = {
			isa = XCBuildConfiguration;
			buildSettings = {
				ASSETCATALOG_COMPILER_APPICON_NAME = AppIcon;
				ASSETCATALOG_COMPILER_GLOBAL_ACCENT_COLOR_NAME = AccentColor;
				CODE_SIGN_STYLE = Automatic;
				DEVELOPMENT_TEAM = Q9TW888JXC;
				INFOPLIST_FILE = "$(SRCROOT)/WainNakel/Application/SupportingFiles/Info.plist";
				LD_RUNPATH_SEARCH_PATHS = (
					"$(inherited)",
					"@executable_path/Frameworks",
				);
				PRODUCT_BUNDLE_IDENTIFIER = wainnakel.WainNakel;
				PRODUCT_NAME = "$(TARGET_NAME)";
				SWIFT_VERSION = 5.0;
				TARGETED_DEVICE_FAMILY = "1,2";
			};
			name = Release;
		};
		4B58738625710A15001101DA /* Debug */ = {
			isa = XCBuildConfiguration;
			buildSettings = {
				ALWAYS_EMBED_SWIFT_STANDARD_LIBRARIES = YES;
				BUNDLE_LOADER = "$(TEST_HOST)";
				CODE_SIGN_STYLE = Automatic;
				DEVELOPMENT_TEAM = 5PB8VC8J48;
				INFOPLIST_FILE = WainNakelTests/Info.plist;
				IPHONEOS_DEPLOYMENT_TARGET = 14.2;
				LD_RUNPATH_SEARCH_PATHS = (
					"$(inherited)",
					"@executable_path/Frameworks",
					"@loader_path/Frameworks",
				);
				PRODUCT_BUNDLE_IDENTIFIER = wainnakel.WainNakelTests;
				PRODUCT_NAME = "$(TARGET_NAME)";
				SWIFT_VERSION = 5.0;
				TARGETED_DEVICE_FAMILY = "1,2";
				TEST_HOST = "$(BUILT_PRODUCTS_DIR)/WainNakel.app/WainNakel";
			};
			name = Debug;
		};
		4B58738725710A15001101DA /* Release */ = {
			isa = XCBuildConfiguration;
			buildSettings = {
				ALWAYS_EMBED_SWIFT_STANDARD_LIBRARIES = YES;
				BUNDLE_LOADER = "$(TEST_HOST)";
				CODE_SIGN_STYLE = Automatic;
				DEVELOPMENT_TEAM = 5PB8VC8J48;
				INFOPLIST_FILE = WainNakelTests/Info.plist;
				IPHONEOS_DEPLOYMENT_TARGET = 14.2;
				LD_RUNPATH_SEARCH_PATHS = (
					"$(inherited)",
					"@executable_path/Frameworks",
					"@loader_path/Frameworks",
				);
				PRODUCT_BUNDLE_IDENTIFIER = wainnakel.WainNakelTests;
				PRODUCT_NAME = "$(TARGET_NAME)";
				SWIFT_VERSION = 5.0;
				TARGETED_DEVICE_FAMILY = "1,2";
				TEST_HOST = "$(BUILT_PRODUCTS_DIR)/WainNakel.app/WainNakel";
			};
			name = Release;
		};
		4B58738925710A15001101DA /* Debug */ = {
			isa = XCBuildConfiguration;
			buildSettings = {
				ALWAYS_EMBED_SWIFT_STANDARD_LIBRARIES = YES;
				CODE_SIGN_STYLE = Automatic;
				DEVELOPMENT_TEAM = 5PB8VC8J48;
				INFOPLIST_FILE = WainNakelUITests/Info.plist;
				LD_RUNPATH_SEARCH_PATHS = (
					"$(inherited)",
					"@executable_path/Frameworks",
					"@loader_path/Frameworks",
				);
				PRODUCT_BUNDLE_IDENTIFIER = wainnakel.WainNakelUITests;
				PRODUCT_NAME = "$(TARGET_NAME)";
				SWIFT_VERSION = 5.0;
				TARGETED_DEVICE_FAMILY = "1,2";
				TEST_TARGET_NAME = WainNakel;
			};
			name = Debug;
		};
		4B58738A25710A15001101DA /* Release */ = {
			isa = XCBuildConfiguration;
			buildSettings = {
				ALWAYS_EMBED_SWIFT_STANDARD_LIBRARIES = YES;
				CODE_SIGN_STYLE = Automatic;
				DEVELOPMENT_TEAM = 5PB8VC8J48;
				INFOPLIST_FILE = WainNakelUITests/Info.plist;
				LD_RUNPATH_SEARCH_PATHS = (
					"$(inherited)",
					"@executable_path/Frameworks",
					"@loader_path/Frameworks",
				);
				PRODUCT_BUNDLE_IDENTIFIER = wainnakel.WainNakelUITests;
				PRODUCT_NAME = "$(TARGET_NAME)";
				SWIFT_VERSION = 5.0;
				TARGETED_DEVICE_FAMILY = "1,2";
				TEST_TARGET_NAME = WainNakel;
			};
			name = Release;
		};
/* End XCBuildConfiguration section */

/* Begin XCConfigurationList section */
		4B58735325710A11001101DA /* Build configuration list for PBXProject "WainNakel" */ = {
			isa = XCConfigurationList;
			buildConfigurations = (
				4B58738025710A15001101DA /* Debug */,
				4B58738125710A15001101DA /* Release */,
			);
			defaultConfigurationIsVisible = 0;
			defaultConfigurationName = Release;
		};
		4B58738225710A15001101DA /* Build configuration list for PBXNativeTarget "WainNakel" */ = {
			isa = XCConfigurationList;
			buildConfigurations = (
				4B58738325710A15001101DA /* Debug */,
				4B58738425710A15001101DA /* Release */,
			);
			defaultConfigurationIsVisible = 0;
			defaultConfigurationName = Release;
		};
		4B58738525710A15001101DA /* Build configuration list for PBXNativeTarget "WainNakelTests" */ = {
			isa = XCConfigurationList;
			buildConfigurations = (
				4B58738625710A15001101DA /* Debug */,
				4B58738725710A15001101DA /* Release */,
			);
			defaultConfigurationIsVisible = 0;
			defaultConfigurationName = Release;
		};
		4B58738825710A15001101DA /* Build configuration list for PBXNativeTarget "WainNakelUITests" */ = {
			isa = XCConfigurationList;
			buildConfigurations = (
				4B58738925710A15001101DA /* Debug */,
				4B58738A25710A15001101DA /* Release */,
			);
			defaultConfigurationIsVisible = 0;
			defaultConfigurationName = Release;
		};
/* End XCConfigurationList section */
	};
	rootObject = 4B58735025710A11001101DA /* Project object */;
}
